<?xml version="1.0" encoding="utf-8"?>
<Project ToolsVersion="4.0" xmlns="http://schemas.microsoft.com/developer/msbuild/2003">
  <ItemGroup>
    <Filter Include="ソース ファイル">
      <UniqueIdentifier>{4FC737F1-C7A5-4376-A066-2A32D752A2FF}</UniqueIdentifier>
      <Extensions>cpp;c;cc;cxx;c++;cppm;ixx;def;odl;idl;hpj;bat;asm;asmx</Extensions>
    </Filter>
    <Filter Include="ヘッダー ファイル">
      <UniqueIdentifier>{93995380-89BD-4b04-88EB-625FBE52EBFB}</UniqueIdentifier>
      <Extensions>h;hh;hpp;hxx;h++;hm;inl;inc;ipp;xsd</Extensions>
    </Filter>
    <Filter Include="リソース ファイル">
      <UniqueIdentifier>{67DA6AB6-F800-4c08-8B7A-83BB121AAD01}</UniqueIdentifier>
      <Extensions>rc;ico;cur;bmp;dlg;rc2;rct;bin;rgs;gif;jpg;jpeg;jpe;resx;tiff;tif;png;wav;mfcribbon-ms</Extensions>
    </Filter>
    <Filter Include="ソース ファイル\tsf">
      <UniqueIdentifier>{0ea31ac5-3eea-43f1-97ce-c6dffe61c625}</UniqueIdentifier>
    </Filter>
    <Filter Include="ソース ファイル\D2D">
      <UniqueIdentifier>{825b2ec7-2355-4ee4-b3c7-cd196eac50b0}</UniqueIdentifier>
    </Filter>
  </ItemGroup>
  <ItemGroup>
    <ClInclude Include="framework.h">
      <Filter>ヘッダー ファイル</Filter>
    </ClInclude>
    <ClInclude Include="pch.h">
      <Filter>ヘッダー ファイル</Filter>
    </ClInclude>
    <ClInclude Include="..\lib\D2DButton.h">
      <Filter>ソース ファイル\D2D</Filter>
    </ClInclude>
    <ClInclude Include="..\lib\D2DMessage.h">
      <Filter>ソース ファイル\D2D</Filter>
    </ClInclude>
    <ClInclude Include="..\lib\D2DDropdownListbox.h">
      <Filter>ソース ファイル\D2D</Filter>
    </ClInclude>
    <ClInclude Include="..\lib\D2DSimpleListbox.h">
      <Filter>ソース ファイル\D2D</Filter>
    </ClInclude>
    <ClInclude Include="..\lib\D2DInterface.h">
      <Filter>ソース ファイル\D2D</Filter>
    </ClInclude>
    <ClInclude Include="..\lib\D2DWhiteControl.h">
      <Filter>ソース ファイル\D2D</Filter>
    </ClInclude>
    <ClInclude Include="..\lib\D2DWhiteWindow.h">
      <Filter>ソース ファイル\D2D</Filter>
    </ClInclude>
    <ClInclude Include="..\lib\AppBase.h">
      <Filter>ソース ファイル\D2D</Filter>
    </ClInclude>
    <ClInclude Include="..\lib\D2DImageControl.h">
      <Filter>ソース ファイル\D2D</Filter>
    </ClInclude>
    <ClInclude Include="..\lib\D2DXXXControls.h">
      <Filter>ソース ファイル\D2D</Filter>
    </ClInclude>
    <ClInclude Include="..\lib\D2DColor.h">
      <Filter>ソース ファイル\D2D</Filter>
    </ClInclude>
    <ClInclude Include="..\lib\D2DGridView.h">
      <Filter>ソース ファイル\D2D</Filter>
    </ClInclude>
    <ClInclude Include="..\lib\D2DInstance.h">
      <Filter>ソース ファイル</Filter>
    </ClInclude>
    <ClInclude Include="..\lib\D2DSqlDataGrid.h">
      <Filter>ソース ファイル\D2D</Filter>
    </ClInclude>
    <ClInclude Include="..\include\D2D1UI_1.h">
      <Filter>ヘッダー ファイル</Filter>
    </ClInclude>
    <ClInclude Include="..\lib\D2DEmptyControls.h">
      <Filter>ソース ファイル\D2D</Filter>
    </ClInclude>
  </ItemGroup>
  <ItemGroup>
    <ClCompile Include="dllmain.cpp">
      <Filter>ソース ファイル</Filter>
    </ClCompile>
    <ClCompile Include="pch.cpp">
      <Filter>ソース ファイル</Filter>
    </ClCompile>
    <ClCompile Include="..\lib\tsf\D2DCharRect.cpp">
      <Filter>ソース ファイル\tsf</Filter>
    </ClCompile>
    <ClCompile Include="..\lib\tsf\DisplayAttribute.cpp">
      <Filter>ソース ファイル\tsf</Filter>
    </ClCompile>
    <ClCompile Include="..\lib\tsf\TextContainer.cpp">
      <Filter>ソース ファイル\tsf</Filter>
    </ClCompile>
    <ClCompile Include="..\lib\tsf\TextEditor.cpp">
      <Filter>ソース ファイル\tsf</Filter>
    </ClCompile>
    <ClCompile Include="..\lib\tsf\TextLayout.cpp">
      <Filter>ソース ファイル\tsf</Filter>
    </ClCompile>
    <ClCompile Include="..\lib\tsf\TextStoreACP.cpp">
      <Filter>ソース ファイル\tsf</Filter>
    </ClCompile>
    <ClCompile Include="..\lib\tsf\undo.cpp">
      <Filter>ソース ファイル\tsf</Filter>
    </ClCompile>
    <ClCompile Include="..\lib\D2DTextbox.cpp">
      <Filter>ソース ファイル\D2D</Filter>
    </ClCompile>
    <ClCompile Include="..\lib\D2DTextboxScrollbar.cpp">
      <Filter>ソース ファイル\D2D</Filter>
    </ClCompile>
    <ClCompile Include="..\lib\D2DTreeList.cpp">
      <Filter>ソース ファイル\D2D</Filter>
    </ClCompile>
    <ClCompile Include="..\lib\TextMemory.cpp">
      <Filter>ソース ファイル\D2D</Filter>
    </ClCompile>
    <ClCompile Include="D2D1UI_1.cpp">
      <Filter>ソース ファイル</Filter>
    </ClCompile>
    <ClCompile Include="..\lib\D2DButon.cpp">
      <Filter>ソース ファイル\D2D</Filter>
    </ClCompile>
    <ClCompile Include="..\lib\D2DWindow.cpp">
      <Filter>ソース ファイル\D2D</Filter>
    </ClCompile>
    <ClCompile Include="..\lib\D2DSimpleListbox.cpp">
      <Filter>ソース ファイル\D2D</Filter>
    </ClCompile>
    <ClCompile Include="..\lib\D2DDropdownListbox.cpp">
      <Filter>ソース ファイル\D2D</Filter>
    </ClCompile>
    <ClCompile Include="..\lib\D2DWhiteControl.cpp">
      <Filter>ソース ファイル\D2D</Filter>
    </ClCompile>
    <ClCompile Include="..\lib\D2DClientControl.cpp">
      <Filter>ソース ファイル\D2D</Filter>
    </ClCompile>
    <ClCompile Include="..\lib\D2DStatic.cpp">
      <Filter>ソース ファイル\D2D</Filter>
    </ClCompile>
    <ClCompile Include="..\lib\D2DSquarePaper.cpp">
      <Filter>ソース ファイル\D2D</Filter>
    </ClCompile>
    <ClCompile Include="..\lib\D2DWhiteWindow.cpp">
      <Filter>ソース ファイル\D2D</Filter>
    </ClCompile>
    <ClCompile Include="..\lib\D2DWindow2.cpp">
      <Filter>ソース ファイル\D2D</Filter>
    </ClCompile>
    <ClCompile Include="..\lib\D2DImageControl.cpp">
      <Filter>ソース ファイル\D2D</Filter>
    </ClCompile>
    <ClCompile Include="..\lib\D2DXXXControls.cpp">
      <Filter>ソース ファイル\D2D</Filter>
    </ClCompile>
    <ClCompile Include="..\lib\D2DControls_with_Scrollbar.cpp">
      <Filter>ソース ファイル\D2D</Filter>
    </ClCompile>
    <ClCompile Include="..\lib\D2DScrollbar.cpp">
      <Filter>ソース ファイル\D2D</Filter>
    </ClCompile>
    <ClCompile Include="..\lib\D2DWhiteWindowControl.cpp">
      <Filter>ソース ファイル\D2D</Filter>
    </ClCompile>
    <ClCompile Include="..\lib\D2DMDIControls.cpp">
      <Filter>ソース ファイル\D2D</Filter>
    </ClCompile>
    <ClCompile Include="..\lib\D2DMDISplitControls.cpp">
      <Filter>ソース ファイル\D2D</Filter>
    </ClCompile>
    <ClCompile Include="..\lib\D2DAccordionbar.cpp">
      <Filter>ソース ファイル\D2D</Filter>
    </ClCompile>
    <ClCompile Include="..\lib\D2DChildWindow.cpp">
      <Filter>ソース ファイル\D2D</Filter>
    </ClCompile>
    <ClCompile Include="..\lib\D2DFileManage.cpp">
      <Filter>ソース ファイル\D2D</Filter>
    </ClCompile>
    <ClCompile Include="..\lib\D2DColor.cpp">
      <Filter>ソース ファイル\D2D</Filter>
    </ClCompile>
    <ClCompile Include="..\lib\D2DGridView.cpp">
      <Filter>ソース ファイル\D2D</Filter>
    </ClCompile>
    <ClCompile Include="..\lib\D2DLogin.cpp">
      <Filter>ソース ファイル\D2D</Filter>
    </ClCompile>
    <ClCompile Include="..\lib\D2DSqlDataGrid.cpp">
      <Filter>ソース ファイル\D2D</Filter>
    </ClCompile>
    <ClCompile Include="test.cpp">
      <Filter>ソース ファイル\D2D</Filter>
    </ClCompile>
    <ClCompile Include="..\lib\D2DApp.cpp">
      <Filter>ソース ファイル\D2D</Filter>
    </ClCompile>
    <ClCompile Include="..\lib\D2DContext.cpp">
      <Filter>ソース ファイル\D2D</Filter>
    </ClCompile>
    <ClCompile Include="..\lib\D2DWindowControl.cpp">
      <Filter>ソース ファイル\D2D</Filter>
    </ClCompile>
    <ClCompile Include="..\lib\FilePackTool.cpp">
      <Filter>ソース ファイル\D2D</Filter>
    </ClCompile>
    <ClCompile Include="..\lib\D2DTabControls.cpp">
      <Filter>ソース ファイル\D2D</Filter>
    </ClCompile>
    <ClCompile Include="..\lib\D2DEmptyControls.cpp">
      <Filter>ソース ファイル\D2D</Filter>
    </ClCompile>
  </ItemGroup>
</Project>